
Microsoft Visual Studio Solution File, Format Version 12.00
# Visual Studio Version 17
VisualStudioVersion = 17.5.002.0
MinimumVisualStudioVersion = 10.0.40219.1
Project("{9A19103F-16F7-4668-BE54-9A1E7A4F7556}") = "Atv 3 - MVC .net", "Atv 3 - MVC .net.csproj", "{B478158B-85CA-4CAC-A08B-06B812DCED59}"
EndProject
Global
	GlobalSection(SolutionConfigurationPlatforms) = preSolution
		Debug|Any CPU = Debug|Any CPU
		Release|Any CPU = Release|Any CPU
	EndGlobalSection
	GlobalSection(ProjectConfigurationPlatforms) = postSolution
		{B478158B-85CA-4CAC-A08B-06B812DCED59}.Debug|Any CPU.ActiveCfg = Debug|Any CPU
		{B478158B-85CA-4CAC-A08B-06B812DCED59}.Debug|Any CPU.Build.0 = Debug|Any CPU
		{B478158B-85CA-4CAC-A08B-06B812DCED59}.Release|Any CPU.ActiveCfg = Release|Any CPU
		{B478158B-85CA-4CAC-A08B-06B812DCED59}.Release|Any CPU.Build.0 = Release|Any CPU
	EndGlobalSection
	GlobalSection(SolutionProperties) = preSolution
		HideSolutionNode = FALSE
	EndGlobalSection
	GlobalSection(ExtensibilityGlobals) = postSolution
		SolutionGuid = {5CDFC7BC-9966-4EAB-9A2D-EC4B19C197B6}
	EndGlobalSection
EndGlobal
